# THIS IS AN AUTOGENERATED FILE. DO NOT EDIT THIS FILE DIRECTLY.
# yarn lockfile v1


"@vant/weapp@^1.10.3":
  version "1.10.3"
  resolved "https://registry.npmmirror.com/@vant/weapp/-/weapp-1.10.3.tgz#c2df7437cf5784530835cf764cb7f4923f981e25"
  integrity sha512-CcG5umI+zlJRN6hQXPeknOenPkVm6WBEgBaB6Y94kOmKLx9NHtHBdURwxuJEA4q4mxhUdOuf6sV7I8tZBnCVxw==

miniprogram-api-typings@^3.4.6:
  version "3.4.6"
  resolved "https://registry.npmmirror.com/miniprogram-api-typings/-/miniprogram-api-typings-3.4.6.tgz#324602325976a002dc99ebe0d396b1c7fc080ecf"
  integrity sha512-1/aAma9wWzu9KS8m/h4j43UHoKS+XO61kaUDdftnlgwEyBndr0jrPJf/gUzdZQOST0pkLWmF0IMotz+j/Nh5SQ==
